// !$*UTF8*$!
{
	archiveVersion = 1;
	classes = {
	};
	objectVersion = 50;
	objects = {

/* Begin PBXBuildFile section */
		BE593304236DECEA00F7FD0F /* AppDelegate.swift in Sources */ = {isa = PBXBuildFile; fileRef = BE593303236DECEA00F7FD0F /* AppDelegate.swift */; };
		BE593306236DECEA00F7FD0F /* SceneDelegate.swift in Sources */ = {isa = PBXBuildFile; fileRef = BE593305236DECEA00F7FD0F /* SceneDelegate.swift */; };
		BE593308236DECEA00F7FD0F /* ViewController.swift in Sources */ = {isa = PBXBuildFile; fileRef = BE593307236DECEA00F7FD0F /* ViewController.swift */; };
		BE59330B236DECEA00F7FD0F /* Main.storyboard in Resources */ = {isa = PBXBuildFile; fileRef = BE593309236DECEA00F7FD0F /* Main.storyboard */; };
		BE59330D236DECEC00F7FD0F /* Assets.xcassets in Resources */ = {isa = PBXBuildFile; fileRef = BE59330C236DECEC00F7FD0F /* Assets.xcassets */; };
		BE593310236DECEC00F7FD0F /* LaunchScreen.storyboard in Resources */ = {isa = PBXBuildFile; fileRef = BE59330E236DECEC00F7FD0F /* LaunchScreen.storyboard */; };
		BEBA56F9236E362200C237A9 /* test.json in Resources */ = {isa = PBXBuildFile; fileRef = BEBA56F8236E362200C237A9 /* test.json */; };
/* End PBXBuildFile section */

/* Begin PBXFileReference section */
		BE593300236DECEA00F7FD0F /* DukeDining.app */ = {isa = PBXFileReference; explicitFileType = wrapper.application; includeInIndex = 0; path = DukeDining.app; sourceTree = BUILT_PRODUCTS_DIR; };
		BE593303236DECEA00F7FD0F /* AppDelegate.swift */ = {isa = PBXFileReference; lastKnownFileType = sourcecode.swift; path = AppDelegate.swift; sourceTree = "<group>"; };
		BE593305236DECEA00F7FD0F /* SceneDelegate.swift */ = {isa = PBXFileReference; lastKnownFileType = sourcecode.swift; path = SceneDelegate.swift; sourceTree = "<group>"; };
		BE593307236DECEA00F7FD0F /* ViewController.swift */ = {isa = PBXFileReference; lastKnownFileType = sourcecode.swift; path = ViewController.swift; sourceTree = "<group>"; };
		BE59330A236DECEA00F7FD0F /* Base */ = {isa = PBXFileReference; lastKnownFileType = file.storyboard; name = Base; path = Base.lproj/Main.storyboard; sourceTree = "<group>"; };
		BE59330C236DECEC00F7FD0F /* Assets.xcassets */ = {isa = PBXFileReference; lastKnownFileType = folder.assetcatalog; path = Assets.xcassets; sourceTree = "<group>"; };
		BE59330F236DECEC00F7FD0F /* Base */ = {isa = PBXFileReference; lastKnownFileType = file.storyboard; name = Base; path = Base.lproj/LaunchScreen.storyboard; sourceTree = "<group>"; };
		BE593311236DECEC00F7FD0F /* Info.plist */ = {isa = PBXFileReference; lastKnownFileType = text.plist.xml; path = Info.plist; sourceTree = "<group>"; };
		BEBA56F8236E362200C237A9 /* test.json */ = {isa = PBXFileReference; fileEncoding = 4; lastKnownFileType = text.json; name = test.json; path = ../../test.json; sourceTree = "<group>"; };
/* End PBXFileReference section */

/* Begin PBXFrameworksBuildPhase section */
		BE5932FD236DECEA00F7FD0F /* Frameworks */ = {
			isa = PBXFrameworksBuildPhase;
			buildActionMask = 2147483647;
			files = (
			);
			runOnlyForDeploymentPostprocessing = 0;
		};
/* End PBXFrameworksBuildPhase section */

/* Begin PBXGroup section */
		BE5932F7236DECEA00F7FD0F = {
			isa = PBXGroup;
			children = (
				BE593302236DECEA00F7FD0F /* DukeDining */,
				BE593301236DECEA00F7FD0F /* Products */,
			);
			sourceTree = "<group>";
		};
		BE593301236DECEA00F7FD0F /* Products */ = {
			isa = PBXGroup;
			children = (
				BE593300236DECEA00F7FD0F /* DukeDining.app */,
			);
			name = Products;
			sourceTree = "<group>";
		};
		BE593302236DECEA00F7FD0F /* DukeDining */ = {
			isa = PBXGroup;
			children = (
				BE593303236DECEA00F7FD0F /* AppDelegate.swift */,
				BE593305236DECEA00F7FD0F /* SceneDelegate.swift */,
				BE593307236DECEA00F7FD0F /* ViewController.swift */,
				BE593309236DECEA00F7FD0F /* Main.storyboard */,
				BE59330C236DECEC00F7FD0F /* Assets.xcassets */,
				BEBA56F8236E362200C237A9 /* test.json */,
				BE59330E236DECEC00F7FD0F /* LaunchScreen.storyboard */,
				BE593311236DECEC00F7FD0F /* Info.plist */,
			);
			path = DukeDining;
			sourceTree = "<group>";
		};
/* End PBXGroup section */

/* Begin PBXNativeTarget section */
		BE5932FF236DECEA00F7FD0F /* DukeDining */ = {
			isa = PBXNativeTarget;
			buildConfigurationList = BE593314236DECEC00F7FD0F /* Build configuration list for PBXNativeTarget "DukeDining" */;
			buildPhases = (
				BE5932FC236DECEA00F7FD0F /* Sources */,
				BE5932FD236DECEA00F7FD0F /* Frameworks */,
				BE5932FE236DECEA00F7FD0F /* Resources */,
			);
			buildRules = (
			);
			dependencies = (
			);
			name = DukeDining;
			productName = DukeDining;
			productReference = BE593300236DECEA00F7FD0F /* DukeDining.app */;
			productType = "com.apple.product-type.application";
		};
/* End PBXNativeTarget section */

/* Begin PBXProject section */
		BE5932F8236DECEA00F7FD0F /* Project object */ = {
			isa = PBXProject;
			attributes = {
				LastSwiftUpdateCheck = 1110;
				LastUpgradeCheck = 1110;
				ORGANIZATIONNAME = "Duke University";
				TargetAttributes = {
					BE5932FF236DECEA00F7FD0F = {
						CreatedOnToolsVersion = 11.1;
					};
				};
			};
			buildConfigurationList = BE5932FB236DECEA00F7FD0F /* Build configuration list for PBXProject "DukeDining" */;
			compatibilityVersion = "Xcode 9.3";
			developmentRegion = en;
			hasScannedForEncodings = 0;
			knownRegions = (
				en,
				Base,
			);
			mainGroup = BE5932F7236DECEA00F7FD0F;
			productRefGroup = BE593301236DECEA00F7FD0F /* Products */;
			projectDirPath = "";
			projectRoot = "";
			targets = (
				BE5932FF236DECEA00F7FD0F /* DukeDining */,
			);
		};
/* End PBXProject section */

/* Begin PBXResourcesBuildPhase section */
		BE5932FE236DECEA00F7FD0F /* Resources */ = {
			isa = PBXResourcesBuildPhase;
			buildActionMask = 2147483647;
			files = (
				BE593310236DECEC00F7FD0F /* LaunchScreen.storyboard in Resources */,
				BEBA56F9236E362200C237A9 /* test.json in Resources */,
				BE59330D236DECEC00F7FD0F /* Assets.xcassets in Resources */,
				BE59330B236DECEA00F7FD0F /* Main.storyboard in Resources */,
			);
			runOnlyForDeploymentPostprocessing = 0;
		};
/* End PBXResourcesBuildPhase section */

/* Begin PBXSourcesBuildPhase section */
		BE5932FC236DECEA00F7FD0F /* Sources */ = {
			isa = PBXSourcesBuildPhase;
			buildActionMask = 2147483647;
			files = (
				BE593308236DECEA00F7FD0F /* ViewController.swift in Sources */,
				BE593304236DECEA00F7FD0F /* AppDelegate.swift in Sources */,
				BE593306236DECEA00F7FD0F /* SceneDelegate.swift in Sources */,
			);
			runOnlyForDeploymentPostprocessing = 0;
		};
/* End PBXSourcesBuildPhase section */

/* Begin PBXVariantGroup section */
		BE593309236DECEA00F7FD0F /* Main.storyboard */ = {
			isa = PBXVariantGroup;
			children = (
				BE59330A236DECEA00F7FD0F /* Base */,
			);
			name = Main.storyboard;
			sourceTree = "<group>";
		};
		BE59330E236DECEC00F7FD0F /* LaunchScreen.storyboard */ = {
			isa = PBXVariantGroup;
			children = (
				BE59330F236DECEC00F7FD0F /* Base */,
			);
			name = LaunchScreen.storyboard;
			sourceTree = "<group>";
		};
/* End PBXVariantGroup section */

/* Begin XCBuildConfiguration section */
		BE593312236DECEC00F7FD0F /* Debug */ = {
			isa = XCBuildConfiguration;
			buildSettings = {
				ALWAYS_SEARCH_USER_PATHS = NO;
				CLANG_ANALYZER_NONNULL = YES;
				CLANG_ANALYZER_NUMBER_OBJECT_CONVERSION = YES_AGGRESSIVE;
				CLANG_CXX_LANGUAGE_STANDARD = "gnu++14";
				CLANG_CXX_LIBRARY = "libc++";
				CLANG_ENABLE_MODULES = YES;
				CLANG_ENABLE_OBJC_ARC = YES;
				CLANG_ENABLE_OBJC_WEAK = YES;
				CLANG_WARN_BLOCK_CAPTURE_AUTORELEASING = YES;
				CLANG_WARN_BOOL_CONVERSION = YES;
				CLANG_WARN_COMMA = YES;
				CLANG_WARN_CONSTANT_CONVERSION = YES;
				CLANG_WARN_DEPRECATED_OBJC_IMPLEMENTATIONS = YES;
				CLANG_WARN_DIRECT_OBJC_ISA_USAGE = YES_ERROR;
				CLANG_WARN_DOCUMENTATION_COMMENTS = YES;
				CLANG_WARN_EMPTY_BODY = YES;
				CLANG_WARN_ENUM_CONVERSION = YES;
				CLANG_WARN_INFINITE_RECURSION = YES;
				CLANG_WARN_INT_CONVERSION = YES;
				CLANG_WARN_NON_LITERAL_NULL_CONVERSION = YES;
				CLANG_WARN_OBJC_IMPLICIT_RETAIN_SELF = YES;
				CLANG_WARN_OBJC_LITERAL_CONVERSION = YES;
				CLANG_WARN_OBJC_ROOT_CLASS = YES_ERROR;
				CLANG_WARN_RANGE_LOOP_ANALYSIS = YES;
				CLANG_WARN_STRICT_PROTOTYPES = YES;
				CLANG_WARN_SUSPICIOUS_MOVE = YES;
				CLANG_WARN_UNGUARDED_AVAILABILITY = YES_AGGRESSIVE;
				CLANG_WARN_UNREACHABLE_CODE = YES;
				CLANG_WARN__DUPLICATE_METHOD_MATCH = YES;
				COPY_PHASE_STRIP = NO;
				DEBUG_INFORMATION_FORMAT = dwarf;
				ENABLE_STRICT_OBJC_MSGSEND = YES;
				ENABLE_TESTABILITY = YES;
				GCC_C_LANGUAGE_STANDARD = gnu11;
				GCC_DYNAMIC_NO_PIC = NO;
				GCC_NO_COMMON_BLOCKS = YES;
				GCC_OPTIMIZATION_LEVEL = 0;
				GCC_PREPROCESSOR_DEFINITIONS = (
					"DEBUG=1",
					"$(inherited)",
				);
				GCC_WARN_64_TO_32_BIT_CONVERSION = YES;
				GCC_WARN_ABOUT_RETURN_TYPE = YES_ERROR;
				GCC_WARN_UNDECLARED_SELECTOR = YES;
				GCC_WARN_UNINITIALIZED_AUTOS = YES_AGGRESSIVE;
				GCC_WARN_UNUSED_FUNCTION = YES;
				GCC_WARN_UNUSED_VARIABLE = YES;
				IPHONEOS_DEPLOYMENT_TARGET = 13.1;
				MTL_ENABLE_DEBUG_INFO = INCLUDE_SOURCE;
				MTL_FAST_MATH = YES;
				ONLY_ACTIVE_ARCH = YES;
				SDKROOT = iphoneos;
				SWIFT_ACTIVE_COMPILATION_CONDITIONS = DEBUG;
				SWIFT_OPTIMIZATION_LEVEL = "-Onone";
			};
			name = Debug;
		};
		BE593313236DECEC00F7FD0F /* Release */ = {
			isa = XCBuildConfiguration;
			buildSettings = {
				ALWAYS_SEARCH_USER_PATHS = NO;
				CLANG_ANALYZER_NONNULL = YES;
				CLANG_ANALYZER_NUMBER_OBJECT_CONVERSION = YES_AGGRESSIVE;
				CLANG_CXX_LANGUAGE_STANDARD = "gnu++14";
				CLANG_CXX_LIBRARY = "libc++";
				CLANG_ENABLE_MODULES = YES;
				CLANG_ENABLE_OBJC_ARC = YES;
				CLANG_ENABLE_OBJC_WEAK = YES;
				CLANG_WARN_BLOCK_CAPTURE_AUTORELEASING = YES;
				CLANG_WARN_BOOL_CONVERSION = YES;
				CLANG_WARN_COMMA = YES;
				CLANG_WARN_CONSTANT_CONVERSION = YES;
				CLANG_WARN_DEPRECATED_OBJC_IMPLEMENTATIONS = YES;
				CLANG_WARN_DIRECT_OBJC_ISA_USAGE = YES_ERROR;
				CLANG_WARN_DOCUMENTATION_COMMENTS = YES;
				CLANG_WARN_EMPTY_BODY = YES;
				CLANG_WARN_ENUM_CONVERSION = YES;
				CLANG_WARN_INFINITE_RECURSION = YES;
				CLANG_WARN_INT_CONVERSION = YES;
				CLANG_WARN_NON_LITERAL_NULL_CONVERSION = YES;
				CLANG_WARN_OBJC_IMPLICIT_RETAIN_SELF = YES;
				CLANG_WARN_OBJC_LITERAL_CONVERSION = YES;
				CLANG_WARN_OBJC_ROOT_CLASS = YES_ERROR;
				CLANG_WARN_RANGE_LOOP_ANALYSIS = YES;
				CLANG_WARN_STRICT_PROTOTYPES = YES;
				CLANG_WARN_SUSPICIOUS_MOVE = YES;
				CLANG_WARN_UNGUARDED_AVAILABILITY = YES_AGGRESSIVE;
				CLANG_WARN_UNREACHABLE_CODE = YES;
				CLANG_WARN__DUPLICATE_METHOD_MATCH = YES;
				COPY_PHASE_STRIP = NO;
				DEBUG_INFORMATION_FORMAT = "dwarf-with-dsym";
				ENABLE_NS_ASSERTIONS = NO;
				ENABLE_STRICT_OBJC_MSGSEND = YES;
				GCC_C_LANGUAGE_STANDARD = gnu11;
				GCC_NO_COMMON_BLOCKS = YES;
				GCC_WARN_64_TO_32_BIT_CONVERSION = YES;
				GCC_WARN_ABOUT_RETURN_TYPE = YES_ERROR;
				GCC_WARN_UNDECLARED_SELECTOR = YES;
				GCC_WARN_UNINITIALIZED_AUTOS = YES_AGGRESSIVE;
				GCC_WARN_UNUSED_FUNCTION = YES;
				GCC_WARN_UNUSED_VARIABLE = YES;
				IPHONEOS_DEPLOYMENT_TARGET = 13.1;
				MTL_ENABLE_DEBUG_INFO = NO;
				MTL_FAST_MATH = YES;
				SDKROOT = iphoneos;
				SWIFT_COMPILATION_MODE = wholemodule;
				SWIFT_OPTIMIZATION_LEVEL = "-O";
				VALIDATE_PRODUCT = YES;
			};
			name = Release;
		};
		BE593315236DECEC00F7FD0F /* Debug */ = {
			isa = XCBuildConfiguration;
			buildSettings = {
				ASSETCATALOG_COMPILER_APPICON_NAME = AppIcon;
				CODE_SIGN_STYLE = Automatic;
				DEVELOPMENT_TEAM = P4MH4WTFKH;
				INFOPLIST_FILE = DukeDining/Info.plist;
				LD_RUNPATH_SEARCH_PATHS = (
					"$(inherited)",
					"@executable_path/Frameworks",
				);
				PRODUCT_BUNDLE_IDENTIFIER = "HackDukeGroup.DukeDining-";
				PRODUCT_NAME = "$(TARGET_NAME)";
				SWIFT_VERSION = 5.0;
				TARGETED_DEVICE_FAMILY = "1,2";
			};
			name = Debug;
		};
		BE593316236DECEC00F7FD0F /* Release */ = {
			isa = XCBuildConfiguration;
			buildSettings = {
				ASSETCATALOG_COMPILER_APPICON_NAME = AppIcon;
				CODE_SIGN_STYLE = Automatic;
				DEVELOPMENT_TEAM = P4MH4WTFKH;
				INFOPLIST_FILE = DukeDining/Info.plist;
				LD_RUNPATH_SEARCH_PATHS = (
					"$(inherited)",
					"@executable_path/Frameworks",
				);
				PRODUCT_BUNDLE_IDENTIFIER = "HackDukeGroup.DukeDining-";
				PRODUCT_NAME = "$(TARGET_NAME)";
				SWIFT_VERSION = 5.0;
				TARGETED_DEVICE_FAMILY = "1,2";
			};
			name = Release;
		};
/* End XCBuildConfiguration section */

/* Begin XCConfigurationList section */
		BE5932FB236DECEA00F7FD0F /* Build configuration list for PBXProject "DukeDining" */ = {
			isa = XCConfigurationList;
			buildConfigurations = (
				BE593312236DECEC00F7FD0F /* Debug */,
				BE593313236DECEC00F7FD0F /* Release */,
			);
			defaultConfigurationIsVisible = 0;
			defaultConfigurationName = Release;
		};
		BE593314236DECEC00F7FD0F /* Build configuration list for PBXNativeTarget "DukeDining" */ = {
			isa = XCConfigurationList;
			buildConfigurations = (
				BE593315236DECEC00F7FD0F /* Debug */,
				BE593316236DECEC00F7FD0F /* Release */,
			);
			defaultConfigurationIsVisible = 0;
			defaultConfigurationName = Release;
		};
/* End XCConfigurationList section */
	};
	rootObject = BE5932F8236DECEA00F7FD0F /* Project object */;
}
